Microsoft Visual Studio Solution File, Format Version 12.00
# Visual Studio Version 17
VisualStudioVersion = 17.5.2.0
MinimumVisualStudioVersion = 10.0.40219.1
Project("{FAE04EC0-301F-11D3-BF4B-00C04F79EFBC}") = "AiStudyPlanner.API", "AiStudyPlanner.API.csproj", "{FE921193-3C7B-DCD2-AE41-812782CE849E}"
EndProject
Global
	GlobalSection(SolutionConfigurationPlatforms) = preSolution
		Debug|Any CPU = Debug|Any CPU
		Release|Any CPU = Release|Any CPU
	EndGlobalSection
	GlobalSection(ProjectConfigurationPlatforms) = postSolution
		{FE921193-3C7B-DCD2-AE41-812782CE849E}.Debug|Any CPU.ActiveCfg = Debug|Any CPU
		{FE921193-3C7B-DCD2-AE41-812782CE849E}.Debug|Any CPU.Build.0 = Debug|Any CPU
		{FE921193-3C7B-DCD2-AE41-812782CE849E}.Release|Any CPU.ActiveCfg = Release|Any CPU
		{FE921193-3C7B-DCD2-AE41-812782CE849E}.Release|Any CPU.Build.0 = Release|Any CPU
	EndGlobalSection
	GlobalSection(SolutionProperties) = preSolution
		HideSolutionNode = FALSE
	EndGlobalSection
	GlobalSection(ExtensibilityGlobals) = postSolution
		SolutionGuid = {6474518E-650C-48F6-BC84-B4C5ED7FCCE7}
	EndGlobalSection
EndGlobal
